
Microsoft Visual Studio Solution File, Format Version 12.00
# Visual Studio Version 17
VisualStudioVersion = 17.9.34622.214
MinimumVisualStudioVersion = 10.0.40219.1
Project("{9A19103F-16F7-4668-BE54-9A1E7A4F7556}") = "ManagementService", "ManagementService\ManagementService.csproj", "{DAD6C595-0295-41A1-BE04-7DF4E3D61C1F}"
EndProject
Project("{9A19103F-16F7-4668-BE54-9A1E7A4F7556}") = "ManagementApi", "Management.Api\ManagementApi.csproj", "{C418963B-E9A8-470A-AB9A-E0D1045563BD}"
EndProject
Project("{FAE04EC0-301F-11D3-BF4B-00C04F79EFBC}") = "Data", "Data\Data.csproj", "{CBC99B4A-9372-4A26-B216-B2E32B42727F}"
EndProject
Global
	GlobalSection(SolutionConfigurationPlatforms) = preSolution
		Debug|Any CPU = Debug|Any CPU
		Release|Any CPU = Release|Any CPU
	EndGlobalSection
	GlobalSection(ProjectConfigurationPlatforms) = postSolution
		{DAD6C595-0295-41A1-BE04-7DF4E3D61C1F}.Debug|Any CPU.ActiveCfg = Debug|Any CPU
		{DAD6C595-0295-41A1-BE04-7DF4E3D61C1F}.Debug|Any CPU.Build.0 = Debug|Any CPU
		{DAD6C595-0295-41A1-BE04-7DF4E3D61C1F}.Release|Any CPU.ActiveCfg = Release|Any CPU
		{DAD6C595-0295-41A1-BE04-7DF4E3D61C1F}.Release|Any CPU.Build.0 = Release|Any CPU
		{C418963B-E9A8-470A-AB9A-E0D1045563BD}.Debug|Any CPU.ActiveCfg = Debug|Any CPU
		{C418963B-E9A8-470A-AB9A-E0D1045563BD}.Debug|Any CPU.Build.0 = Debug|Any CPU
		{C418963B-E9A8-470A-AB9A-E0D1045563BD}.Release|Any CPU.ActiveCfg = Release|Any CPU
		{C418963B-E9A8-470A-AB9A-E0D1045563BD}.Release|Any CPU.Build.0 = Release|Any CPU
		{CBC99B4A-9372-4A26-B216-B2E32B42727F}.Debug|Any CPU.ActiveCfg = Debug|Any CPU
		{CBC99B4A-9372-4A26-B216-B2E32B42727F}.Debug|Any CPU.Build.0 = Debug|Any CPU
		{CBC99B4A-9372-4A26-B216-B2E32B42727F}.Release|Any CPU.ActiveCfg = Release|Any CPU
		{CBC99B4A-9372-4A26-B216-B2E32B42727F}.Release|Any CPU.Build.0 = Release|Any CPU
	EndGlobalSection
	GlobalSection(SolutionProperties) = preSolution
		HideSolutionNode = FALSE
	EndGlobalSection
	GlobalSection(ExtensibilityGlobals) = postSolution
		SolutionGuid = {83E6B2F4-7275-4626-998C-05CDC3147D5C}
	EndGlobalSection
EndGlobal
